# This file is automatically @generated by Cargo.
# It is not intended for manual editing.
version = 4

[[package]]
name = "goods-application"
version = "0.1.0"
dependencies = [
 "goods-domain",
]

[[package]]
name = "goods-domain"
version = "0.1.0"

[[package]]
name = "goods-garden-cli"
version = "0.1.0"
dependencies = [
 "goods-runtime",
]

[[package]]
name = "goods-infrastructure"
version = "0.1.0"
dependencies = [
 "goods-application",
]

[[package]]
name = "goods-runtime"
version = "0.1.0"
dependencies = [
 "goods-application",
 "goods-infrastructure",
]
